{
  "object": {
    "pins": [
      {
        "package": "ESActionable",
        "repositoryURL": "https://github.com/KKLater/ESActionable.git",
        "state": {
          "branch": "dev",
          "revision": "103d43b18ab1c07e1058d4893a673c1378bd6aed",
          "version": null
        }
      }
    ]
  },
  "version": 1
}
