{
  "object": {
    "pins": [
      {
        "package": "ESActionable",
        "repositoryURL": "https://github.com/KKLater/ESActionable.git",
        "state": {
          "branch": "dev",
          "revision": "60b1431bb60450388f854e2ddbcddf6f1fc10c59",
          "version": null
        }
      }
    ]
  },
  "version": 1
}
